
Microsoft Visual Studio Solution File, Format Version 12.00
# Visual Studio Version 16
VisualStudioVersion = 16.0.29728.190
MinimumVisualStudioVersion = 10.0.40219.1
Project("{FAE04EC0-301F-11D3-BF4B-00C04F79EFBC}") = "Proje Atık Oyunu", "Proje Atık Oyunu\Proje Atık Oyunu.csproj", "{060828A9-6EB6-48EF-B6D7-8237FF2B6700}"
EndProject
Global
	GlobalSection(SolutionConfigurationPlatforms) = preSolution
		Debug|Any CPU = Debug|Any CPU
		Release|Any CPU = Release|Any CPU
	EndGlobalSection
	GlobalSection(ProjectConfigurationPlatforms) = postSolution
		{060828A9-6EB6-48EF-B6D7-8237FF2B6700}.Debug|Any CPU.ActiveCfg = Debug|Any CPU
		{060828A9-6EB6-48EF-B6D7-8237FF2B6700}.Debug|Any CPU.Build.0 = Debug|Any CPU
		{060828A9-6EB6-48EF-B6D7-8237FF2B6700}.Release|Any CPU.ActiveCfg = Release|Any CPU
		{060828A9-6EB6-48EF-B6D7-8237FF2B6700}.Release|Any CPU.Build.0 = Release|Any CPU
	EndGlobalSection
	GlobalSection(SolutionProperties) = preSolution
		HideSolutionNode = FALSE
	EndGlobalSection
	GlobalSection(ExtensibilityGlobals) = postSolution
		SolutionGuid = {FA312E25-73FB-4D4C-9547-96BD19DF3544}
	EndGlobalSection
EndGlobal
